
Microsoft Visual Studio Solution File, Format Version 12.00
# Visual Studio Version 16
VisualStudioVersion = 16.0.31605.320
MinimumVisualStudioVersion = 10.0.40219.1
Project("{FAE04EC0-301F-11D3-BF4B-00C04F79EFBC}") = "LibraryManagementSystem", "LibraryManagementSystem\LibraryManagementSystem.csproj", "{F69ED5D8-31A9-440F-99C1-CB26C41168FB}"
EndProject
Project("{FAE04EC0-301F-11D3-BF4B-00C04F79EFBC}") = "LibrarySystem.Data", "LibrarySystem.Data\LibrarySystem.Data.csproj", "{0F394627-0BD0-4966-857D-DBC7F159261F}"
EndProject
Project("{FAE04EC0-301F-11D3-BF4B-00C04F79EFBC}") = "LibrarySystem.Functionality", "LibrarySystem.Functionality\LibrarySystem.Functionality.csproj", "{9E76170B-AF4C-4C48-81B4-14CA94A17929}"
EndProject
Global
	GlobalSection(SolutionConfigurationPlatforms) = preSolution
		Debug|Any CPU = Debug|Any CPU
		Release|Any CPU = Release|Any CPU
	EndGlobalSection
	GlobalSection(ProjectConfigurationPlatforms) = postSolution
		{F69ED5D8-31A9-440F-99C1-CB26C41168FB}.Debug|Any CPU.ActiveCfg = Debug|Any CPU
		{F69ED5D8-31A9-440F-99C1-CB26C41168FB}.Debug|Any CPU.Build.0 = Debug|Any CPU
		{F69ED5D8-31A9-440F-99C1-CB26C41168FB}.Release|Any CPU.ActiveCfg = Release|Any CPU
		{F69ED5D8-31A9-440F-99C1-CB26C41168FB}.Release|Any CPU.Build.0 = Release|Any CPU
		{0F394627-0BD0-4966-857D-DBC7F159261F}.Debug|Any CPU.ActiveCfg = Debug|Any CPU
		{0F394627-0BD0-4966-857D-DBC7F159261F}.Debug|Any CPU.Build.0 = Debug|Any CPU
		{0F394627-0BD0-4966-857D-DBC7F159261F}.Release|Any CPU.ActiveCfg = Release|Any CPU
		{0F394627-0BD0-4966-857D-DBC7F159261F}.Release|Any CPU.Build.0 = Release|Any CPU
		{9E76170B-AF4C-4C48-81B4-14CA94A17929}.Debug|Any CPU.ActiveCfg = Debug|Any CPU
		{9E76170B-AF4C-4C48-81B4-14CA94A17929}.Debug|Any CPU.Build.0 = Debug|Any CPU
		{9E76170B-AF4C-4C48-81B4-14CA94A17929}.Release|Any CPU.ActiveCfg = Release|Any CPU
		{9E76170B-AF4C-4C48-81B4-14CA94A17929}.Release|Any CPU.Build.0 = Release|Any CPU
	EndGlobalSection
	GlobalSection(SolutionProperties) = preSolution
		HideSolutionNode = FALSE
	EndGlobalSection
	GlobalSection(ExtensibilityGlobals) = postSolution
		SolutionGuid = {CBC0BB2D-7E21-4327-B48A-AAFF1B33B626}
	EndGlobalSection
EndGlobal
