
Microsoft Visual Studio Solution File, Format Version 12.00
# Visual Studio Version 16
VisualStudioVersion = 16.0.31321.278
MinimumVisualStudioVersion = 10.0.40219.1
Project("{FAE04EC0-301F-11D3-BF4B-00C04F79EFBC}") = "SolutionWithNestedObject", "SolutionWithNestedObject\SolutionWithNestedObject.csproj", "{ED82DAD3-D217-4871-9FD3-8861E1EA17CF}"
EndProject
Global
	GlobalSection(SolutionConfigurationPlatforms) = preSolution
		Debug|Any CPU = Debug|Any CPU
		Release|Any CPU = Release|Any CPU
	EndGlobalSection
	GlobalSection(ProjectConfigurationPlatforms) = postSolution
		{ED82DAD3-D217-4871-9FD3-8861E1EA17CF}.Debug|Any CPU.ActiveCfg = Debug|Any CPU
		{ED82DAD3-D217-4871-9FD3-8861E1EA17CF}.Debug|Any CPU.Build.0 = Debug|Any CPU
		{ED82DAD3-D217-4871-9FD3-8861E1EA17CF}.Release|Any CPU.ActiveCfg = Release|Any CPU
		{ED82DAD3-D217-4871-9FD3-8861E1EA17CF}.Release|Any CPU.Build.0 = Release|Any CPU
	EndGlobalSection
	GlobalSection(SolutionProperties) = preSolution
		HideSolutionNode = FALSE
	EndGlobalSection
	GlobalSection(ExtensibilityGlobals) = postSolution
		SolutionGuid = {2FF1B588-5C00-468A-A22A-B4AE4E2DB89B}
	EndGlobalSection
EndGlobal
